<Project xmlns="http://schemas.microsoft.com/developer/msbuild/2003">
    <PropertyGroup>
        <ProjectGuid>{09FA46D3-758D-4CC0-A5EE-3D4AA22B3675}</ProjectGuid>
        <ProjectVersion>20.4</ProjectVersion>
        <FrameworkType>None</FrameworkType>
        <Base>True</Base>
        <Config Condition="'$(Config)'==''">Release</Config>
        <Platform Condition="'$(Platform)'==''">Win32</Platform>
        <TargetedPlatforms>131</TargetedPlatforms>
        <AppType>Console</AppType>
        <MainSource>VSoft.YAML.Tests.dpr</MainSource>
        <ProjectName Condition="'$(ProjectName)'==''">VSoft.YAML.Tests</ProjectName>
    </PropertyGroup>
    <PropertyGroup>
        <DPMCompiler>12.0</DPMCompiler>
        <DPMCache Condition="'$(DPMCache)' == ''">$(APPDATA)\.dpm\packages</DPMCache>
        <DPM>$(DPMCache)\$(DPMCompiler)\$(Platform)</DPM>
        <DPMSearch Condition="'$(Platform)'=='Win32'">$(DPM)\VSoft.DUnitX\0.4.4\src;</DPMSearch>
        <DPMSearch Condition="'$(Platform)'=='Win64'">$(DPM)\VSoft.DUnitX\0.4.4\src;</DPMSearch>
        <DPMSearch Condition="'$(Platform)'=='Linux64'">$(DPM)\VSoft.DUnitX\0.4.4\src;</DPMSearch>
    </PropertyGroup>
    <PropertyGroup Condition="'$(Config)'=='Base' or '$(Base)'!=''">
        <Base>true</Base>
    </PropertyGroup>
    <PropertyGroup Condition="('$(Platform)'=='Linux64' and '$(Base)'=='true') or '$(Base_Linux64)'!=''">
        <Base_Linux64>true</Base_Linux64>
        <CfgParent>Base</CfgParent>
        <Base>true</Base>
    </PropertyGroup>
    <PropertyGroup Condition="('$(Platform)'=='Win32' and '$(Base)'=='true') or '$(Base_Win32)'!=''">
        <Base_Win32>true</Base_Win32>
        <CfgParent>Base</CfgParent>
        <Base>true</Base>
    </PropertyGroup>
    <PropertyGroup Condition="('$(Platform)'=='Win64' and '$(Base)'=='true') or '$(Base_Win64)'!=''">
        <Base_Win64>true</Base_Win64>
        <CfgParent>Base</CfgParent>
        <Base>true</Base>
    </PropertyGroup>
    <PropertyGroup Condition="'$(Config)'=='Debug' or '$(Cfg_1)'!=''">
        <Cfg_1>true</Cfg_1>
        <CfgParent>Base</CfgParent>
        <Base>true</Base>
    </PropertyGroup>
    <PropertyGroup Condition="('$(Platform)'=='Linux64' and '$(Cfg_1)'=='true') or '$(Cfg_1_Linux64)'!=''">
        <Cfg_1_Linux64>true</Cfg_1_Linux64>
        <CfgParent>Cfg_1</CfgParent>
        <Cfg_1>true</Cfg_1>
        <Base>true</Base>
    </PropertyGroup>
    <PropertyGroup Condition="('$(Platform)'=='Win32' and '$(Cfg_1)'=='true') or '$(Cfg_1_Win32)'!=''">
        <Cfg_1_Win32>true</Cfg_1_Win32>
        <CfgParent>Cfg_1</CfgParent>
        <Cfg_1>true</Cfg_1>
        <Base>true</Base>
    </PropertyGroup>
    <PropertyGroup Condition="('$(Platform)'=='Win64' and '$(Cfg_1)'=='true') or '$(Cfg_1_Win64)'!=''">
        <Cfg_1_Win64>true</Cfg_1_Win64>
        <CfgParent>Cfg_1</CfgParent>
        <Cfg_1>true</Cfg_1>
        <Base>true</Base>
    </PropertyGroup>
    <PropertyGroup Condition="'$(Config)'=='Release' or '$(Cfg_2)'!=''">
        <Cfg_2>true</Cfg_2>
        <CfgParent>Base</CfgParent>
        <Base>true</Base>
    </PropertyGroup>
    <PropertyGroup Condition="('$(Platform)'=='Win64' and '$(Cfg_2)'=='true') or '$(Cfg_2_Win64)'!=''">
        <Cfg_2_Win64>true</Cfg_2_Win64>
        <CfgParent>Cfg_2</CfgParent>
        <Cfg_2>true</Cfg_2>
        <Base>true</Base>
    </PropertyGroup>
    <PropertyGroup Condition="'$(Base)'!=''">
        <DCC_DcuOutput>.\$(Platform)\$(Config)</DCC_DcuOutput>
        <DCC_ExeOutput>.\$(Platform)\$(Config)</DCC_ExeOutput>
        <DCC_E>false</DCC_E>
        <DCC_N>false</DCC_N>
        <DCC_S>false</DCC_S>
        <DCC_F>false</DCC_F>
        <DCC_K>false</DCC_K>
        <DCC_Namespace>System;Xml;Data;Datasnap;Web;Soap;$(DCC_Namespace)</DCC_Namespace>
        <UsingDelphiRTL>true</UsingDelphiRTL>
        <Icon_MainIcon>$(BDS)\bin\delphi_PROJECTICON.ico</Icon_MainIcon>
        <Icns_MainIcns>$(BDS)\bin\delphi_PROJECTICNS.icns</Icns_MainIcns>
        <DCC_UnitSearchPath>$(DPMSearch);$(DUnitX);$(DCC_UnitSearchPath)</DCC_UnitSearchPath>
        <SanitizedProjectName>VSoft_YAML_Tests</SanitizedProjectName>
    </PropertyGroup>
    <PropertyGroup Condition="'$(Base_Linux64)'!=''">
        <DCC_UsePackage>DataSnapServer;fmx;DbxCommonDriver;bindengine;FireDACCommonODBC;tb2k;emsclient;FireDACCommonDriver;dbxcds;inetdb;FireDACSqliteDriver;DbxClientDriver;FireDACASADriver;dbexpress;FrameViewer;FireDACInfxDriver;inet;DataSnapCommon;dbrtl;FireDACOracleDriver;CustomIPTransport;FireDACMSSQLDriver;DataSnapIndy10ServerTransport;DataSnapConnectors;FireDACMongoDBDriver;FireDACTDataDriver;bindcomp;FireDACCommon;DataSnapServerMidas;FireDACODBCDriver;emsserverresource;inetstn;RESTBackendComponents;rtl;FireDACMySQLDriver;AWSSDKFMX;FireDACADSDriver;RESTComponents;dsnapxml;DataSnapClient;DataSnapFireDAC;emsclientfiredac;FireDACPgDriver;FireDAC;xmlrtl;dsnap;CloudService;FireDACDb2Driver;DataSnapNativeClient;DatasnapConnectorsFreePascal;soaprtl;RaizeComponentsVcl;FireDACIBDriver;$(DCC_UsePackage)</DCC_UsePackage>
    </PropertyGroup>
    <PropertyGroup Condition="'$(Base_Win32)'!=''">
        <DCC_UsePackage>vclwinx;DataSnapServer;fmx;vclie;DbxCommonDriver;bindengine;VCLRESTComponents;FireDACCommonODBC;DBXMSSQLDriver;tb2k;emsclient;FireDACCommonDriver;ApperceptAPIClient;IndyProtocols;vclx;Skia.Package.RTL;dbxcds;vcledge;bindcompvclwinx;htmlcomp_xe12;bindcompfmx;DBXFirebirdDriver;madBasic_;inetdb;VSoftUIComponents;GFDLIB;FireDACSqliteDriver;DbxClientDriver;FireDACASADriver;vclactnband;fmxFireDAC;dbexpress;FrameViewer;FireDACInfxDriver;DBXMySQLDriver;VclSmp;inet;DataSnapCommon;KWizardR;vcltouch;fmxase;DBXOdbcDriver;dbrtl;FireDACDBXDriver;Skia.Package.FMX;FireDACOracleDriver;fmxdae;FireDACMSAccDriver;CustomIPTransport;FireDACMSSQLDriver;DataSnapIndy10ServerTransport;NxCommonRun;DataSnapConnectors;vcldsnap;DBXInterBaseDriver;madExcept_;FireDACMongoDBDriver;IndySystem;lmdrtl;FireDACTDataDriver;Skia.Package.VCL;vcldb;VirtualTreesR;SynEditDR;SpTBXLib;vclFireDAC;madDisAsm_;bindcomp;FireDACCommon;DataSnapServerMidas;FireDACODBCDriver;emsserverresource;inetstn;NxGridRun;IndyCore;RESTBackendComponents;dwWin7Controls;bindcompdbx;lmdrtdocking;rtl;FireDACMySQLDriver;AWSSDKFMX;FireDACADSDriver;AWSSDKVCL;RESTComponents;FBFormDesigner;DBXSqliteDriver;vcl;dsnapxml;adortl;dsnapcon;DataSnapClient;DataSnapProviderClient;DBXSybaseASEDriver;NxGridDsgn;DBXDb2Driver;VSPageR;JSDialogPack;vclimg;DataSnapFireDAC;emsclientfiredac;FireDACPgDriver;FireDAC;FireDACDSDriver;inetdbxpress;xmlrtl;FBSynEditHighlighters;bindcompvcl;dsnap;CloudService;DBXSybaseASADriver;DBXOracleDriver;FireDACDb2Driver;DBXInformixDriver;fmxobj;bindcompvclsmp;DataSnapNativeClient;VSoftToolBarR;hclcore_xe12;DatasnapConnectorsFreePascal;soaprtl;FBDreamRuntime;RaizeComponentsVcl;FireDACIBDriver;$(DCC_UsePackage)</DCC_UsePackage>
        <DCC_Namespace>Winapi;System.Win;Data.Win;Datasnap.Win;Web.Win;Soap.Win;Xml.Win;Bde;$(DCC_Namespace)</DCC_Namespace>
        <BT_BuildType>Debug</BT_BuildType>
        <VerInfo_Keys>CompanyName=;FileDescription=$(MSBuildProjectName);FileVersion=1.0.0.0;InternalName=;LegalCopyright=;LegalTrademarks=;OriginalFilename=;ProgramID=com.embarcadero.$(MSBuildProjectName);ProductName=$(MSBuildProjectName);ProductVersion=1.0.0.0;Comments=</VerInfo_Keys>
        <VerInfo_Locale>1033</VerInfo_Locale>
    </PropertyGroup>
    <PropertyGroup Condition="'$(Base_Win64)'!=''">
        <DCC_UsePackage>vclwinx;DataSnapServer;fmx;vclie;DbxCommonDriver;bindengine;VCLRESTComponents;FireDACCommonODBC;DBXMSSQLDriver;emsclient;FireDACCommonDriver;ApperceptAPIClient;IndyProtocols;vclx;dbxcds;vcledge;bindcompvclwinx;htmlcomp_xe12;bindcompfmx;DBXFirebirdDriver;inetdb;FireDACSqliteDriver;DbxClientDriver;FireDACASADriver;vclactnband;fmxFireDAC;dbexpress;FireDACInfxDriver;DBXMySQLDriver;VclSmp;inet;DataSnapCommon;vcltouch;fmxase;DBXOdbcDriver;dbrtl;FireDACDBXDriver;FireDACOracleDriver;fmxdae;FireDACMSAccDriver;CustomIPTransport;FireDACMSSQLDriver;DataSnapIndy10ServerTransport;NxCommonRun;DataSnapConnectors;vcldsnap;DBXInterBaseDriver;FireDACMongoDBDriver;IndySystem;lmdrtl;FireDACTDataDriver;Skia.Package.VCL;vcldb;VirtualTreesR;SynEditDR;vclFireDAC;bindcomp;FireDACCommon;DataSnapServerMidas;FireDACODBCDriver;emsserverresource;inetstn;NxGridRun;IndyCore;RESTBackendComponents;bindcompdbx;lmdrtdocking;rtl;FireDACMySQLDriver;AWSSDKFMX;FireDACADSDriver;AWSSDKVCL;RESTComponents;DBXSqliteDriver;vcl;dsnapxml;adortl;dsnapcon;DataSnapClient;DataSnapProviderClient;DBXSybaseASEDriver;NxGridDsgn;DBXDb2Driver;vclimg;DataSnapFireDAC;emsclientfiredac;FireDACPgDriver;FireDAC;FireDACDSDriver;inetdbxpress;xmlrtl;bindcompvcl;dsnap;CloudService;DBXSybaseASADriver;DBXOracleDriver;FireDACDb2Driver;DBXInformixDriver;fmxobj;bindcompvclsmp;DataSnapNativeClient;hclcore_xe12;DatasnapConnectorsFreePascal;soaprtl;FireDACIBDriver;$(DCC_UsePackage)</DCC_UsePackage>
        <DCC_Namespace>Winapi;System.Win;Data.Win;Datasnap.Win;Web.Win;Soap.Win;Xml.Win;$(DCC_Namespace)</DCC_Namespace>
        <BT_BuildType>Debug</BT_BuildType>
        <VerInfo_Keys>CompanyName=;FileDescription=$(MSBuildProjectName);FileVersion=1.0.0.0;InternalName=;LegalCopyright=;LegalTrademarks=;OriginalFilename=;ProgramID=com.embarcadero.$(MSBuildProjectName);ProductName=$(MSBuildProjectName);ProductVersion=1.0.0.0;Comments=</VerInfo_Keys>
        <VerInfo_Locale>1033</VerInfo_Locale>
    </PropertyGroup>
    <PropertyGroup Condition="'$(Cfg_1)'!=''">
        <DCC_Define>DEBUG;$(DCC_Define)</DCC_Define>
        <DCC_DebugDCUs>true</DCC_DebugDCUs>
        <DCC_Optimize>false</DCC_Optimize>
        <DCC_GenerateStackFrames>true</DCC_GenerateStackFrames>
        <DCC_DebugInfoInExe>true</DCC_DebugInfoInExe>
        <DCC_RemoteDebug>true</DCC_RemoteDebug>
        <DCC_IntegerOverflowCheck>true</DCC_IntegerOverflowCheck>
        <DCC_RangeChecking>true</DCC_RangeChecking>
    </PropertyGroup>
    <PropertyGroup Condition="'$(Cfg_1_Linux64)'!=''">
        <Debugger_RunParams>-exitbehavior:pause</Debugger_RunParams>
        <Debugger_Launcher>/usr/bin/gnome-terminal -- &quot;%debuggee%&quot;</Debugger_Launcher>
    </PropertyGroup>
    <PropertyGroup Condition="'$(Cfg_1_Win32)'!=''">
        <DCC_RemoteDebug>false</DCC_RemoteDebug>
        <Debugger_RunParams>-exitbehavior:pause -hidebanner -run:VSoft.YAML.Tests.Performance</Debugger_RunParams>
    </PropertyGroup>
    <PropertyGroup Condition="'$(Cfg_1_Win64)'!=''">
        <Debugger_RunParams>-exitbehavior:pause -hidebanner</Debugger_RunParams>
    </PropertyGroup>
    <PropertyGroup Condition="'$(Cfg_2)'!=''">
        <DCC_LocalDebugSymbols>false</DCC_LocalDebugSymbols>
        <DCC_Define>RELEASE;$(DCC_Define)</DCC_Define>
        <DCC_SymbolReferenceInfo>0</DCC_SymbolReferenceInfo>
        <DCC_DebugInformation>0</DCC_DebugInformation>
    </PropertyGroup>
    <PropertyGroup Condition="'$(Cfg_2_Win64)'!=''">
        <Debugger_RunParams>-exitbehavior:pause -hidebanner -run:VSoft.YAML.Tests.Performance.TPerformanceTests</Debugger_RunParams>
    </PropertyGroup>
    <ItemGroup>
        <DelphiCompile Include="$(MainSource)">
            <MainSource>MainSource</MainSource>
        </DelphiCompile>
        <DCCReference Include="VSoft.YAML.Tests.DateTimeToISO8601.pas"/>
        <DCCReference Include="VSoft.YAML.Tests.ISO8601.pas"/>
        <DCCReference Include="..\Source\VSoft.YAML.Utils.pas"/>
        <DCCReference Include="..\Source\VSoft.YAML.pas"/>
        <DCCReference Include="..\Source\VSoft.YAML.Lexer.pas"/>
        <DCCReference Include="..\Source\VSoft.YAML.Parser.pas"/>
        <DCCReference Include="..\Source\VSoft.YAML.Classes.pas"/>
        <DCCReference Include="VSoft.YAML.Tests.Basics.pas"/>
        <DCCReference Include="..\Source\VSoft.YAML.Writer.pas"/>
        <DCCReference Include="VSoft.YAML.Tests.Comprehensive.pas"/>
        <DCCReference Include="VSoft.YAML.Tests.Writer.pas"/>
        <DCCReference Include="VSoft.YAML.Tests.EdgeCases.pas"/>
        <DCCReference Include="..\Source\VSoft.YAML.Path.pas"/>
        <DCCReference Include="VSoft.YAML.Tests.Path.pas"/>
        <DCCReference Include="VSoft.YAML.Tests.Comments.pas"/>
        <DCCReference Include="VSoft.YAML.Tests.MergeKeys.pas"/>
        <DCCReference Include="VSoft.YAML.Tests.Directives.pas"/>
        <DCCReference Include="VSoft.YAML.Tests.TagInfo.pas"/>
        <DCCReference Include="..\Source\VSoft.YAML.IO.pas"/>
        <DCCReference Include="..\Source\VSoft.YAML.TagInfo.pas"/>
        <DCCReference Include="..\Source\VSoft.YAML.StreamWriter.pas"/>
        <DCCReference Include="VSoft.YAML.Tests.JSON.pas"/>
        <DCCReference Include="..\Source\VSoft.YAML.Writer.JSON.pas"/>
        <DCCReference Include="VSoft.YAML.Tests.JSON.Writer.pas"/>
        <DCCReference Include="VSoft.YAML.Tests.CharUtils.pas"/>
        <DCCReference Include="VSoft.YAML.Tests.SequenceProperties.pas"/>
        <DCCReference Include="VSoft.YAML.Tests.DateUtils.pas"/>
        <DCCReference Include="VSoft.YAML.Tests.Performance.pas"/>
        <BuildConfiguration Include="Base">
            <Key>Base</Key>
        </BuildConfiguration>
        <BuildConfiguration Include="Debug">
            <Key>Cfg_1</Key>
            <CfgParent>Base</CfgParent>
        </BuildConfiguration>
        <BuildConfiguration Include="Release">
            <Key>Cfg_2</Key>
            <CfgParent>Base</CfgParent>
        </BuildConfiguration>
    </ItemGroup>
    <ProjectExtensions>
        <Borland.Personality>Delphi.Personality.12</Borland.Personality>
        <Borland.ProjectType>Application</Borland.ProjectType>
        <BorlandProject>
            <Delphi.Personality>
                <Source>
                    <Source Name="MainSource">VSoft.YAML.Tests.dpr</Source>
                </Source>
                <Excluded_Packages>
                    <Excluded_Packages Name="$(BDSBIN)\bcboffice2k370.bpl">Embarcadero C++Builder Office 2000 Servers Package</Excluded_Packages>
                    <Excluded_Packages Name="$(BDSBIN)\bcbofficexp370.bpl">Embarcadero C++Builder Office XP Servers Package</Excluded_Packages>
                    <Excluded_Packages Name="$(BDSBIN)\dcloffice2k370.bpl">Microsoft Office 2000 Sample Automation Server Wrapper Components</Excluded_Packages>
                    <Excluded_Packages Name="$(BDSBIN)\dclofficexp370.bpl">Microsoft Office XP Sample Automation Server Wrapper Components</Excluded_Packages>
                </Excluded_Packages>
            </Delphi.Personality>
            <Deployment Version="5">
                <DeployFile LocalName="Linux64\Debug\VSoft.YAML.Tests" Configuration="Debug" Class="ProjectOutput">
                    <Platform Name="Linux64">
                        <RemoteName>VSoft_YAML_Tests</RemoteName>
                        <Overwrite>true</Overwrite>
                    </Platform>
                </DeployFile>
                <DeployFile LocalName="TestFiles\test_comment_sample.yaml" Configuration="Debug" Class="File">
                    <Platform Name="Linux64">
                        <RemoteName>test_comment_sample.yaml</RemoteName>
                        <Overwrite>true</Overwrite>
                    </Platform>
                    <Platform Name="Win32">
                        <RemoteName>test_comment_sample.yaml</RemoteName>
                        <Overwrite>true</Overwrite>
                    </Platform>
                    <Platform Name="Win64">
                        <RemoteName>test_comment_sample.yaml</RemoteName>
                        <Overwrite>true</Overwrite>
                    </Platform>
                </DeployFile>
                <DeployFile LocalName="TestFiles\test_deep_nesting.yaml" Configuration="Debug" Class="File">
                    <Platform Name="Linux64">
                        <RemoteName>test_deep_nesting.yaml</RemoteName>
                        <Overwrite>true</Overwrite>
                    </Platform>
                    <Platform Name="Win32">
                        <RemoteName>test_deep_nesting.yaml</RemoteName>
                        <Overwrite>true</Overwrite>
                    </Platform>
                    <Platform Name="Win64">
                        <RemoteName>test_deep_nesting.yaml</RemoteName>
                        <Overwrite>true</Overwrite>
                    </Platform>
                </DeployFile>
                <DeployFile LocalName="TestFiles\test_utf8.yaml" Configuration="Debug" Class="File">
                    <Platform Name="Linux64">
                        <RemoteName>test_utf8.yaml</RemoteName>
                        <Overwrite>true</Overwrite>
                    </Platform>
                </DeployFile>
                <DeployFile LocalName="Win32\Debug\VSoft.YAML.Tests.exe" Configuration="Debug" Class="ProjectOutput">
                    <Platform Name="Win32">
                        <RemoteName>VSoft.YAML.Tests.exe</RemoteName>
                        <Overwrite>true</Overwrite>
                    </Platform>
                </DeployFile>
                <DeployFile LocalName="Win64\Debug\VSoft.YAML.Tests.exe" Configuration="Debug" Class="ProjectOutput">
                    <Platform Name="Win64">
                        <RemoteName>VSoft.YAML.Tests.exe</RemoteName>
                        <Overwrite>true</Overwrite>
                    </Platform>
                </DeployFile>
                <DeployFile LocalName="Win64\Release\VSoft.YAML.Tests.exe" Configuration="Release" Class="ProjectOutput">
                    <Platform Name="Win64">
                        <RemoteName>VSoft.YAML.Tests.exe</RemoteName>
                        <Overwrite>true</Overwrite>
                    </Platform>
                </DeployFile>
                <DeployClass Name="AdditionalDebugSymbols">
                    <Platform Name="Win32">
                        <Operation>0</Operation>
                    </Platform>
                </DeployClass>
                <DeployClass Name="DebugSymbols">
                    <Platform Name="Win32">
                        <Operation>0</Operation>
                    </Platform>
                </DeployClass>
                <DeployClass Name="DependencyFramework">
                    <Platform Name="Win32">
                        <Operation>0</Operation>
                    </Platform>
                </DeployClass>
                <DeployClass Name="DependencyModule">
                    <Platform Name="Win32">
                        <Operation>0</Operation>
                        <Extensions>.dll;.bpl</Extensions>
                    </Platform>
                </DeployClass>
                <DeployClass Required="true" Name="DependencyPackage">
                    <Platform Name="Win32">
                        <Operation>0</Operation>
                        <Extensions>.bpl</Extensions>
                    </Platform>
                </DeployClass>
                <DeployClass Name="File">
                    <Platform Name="Win32">
                        <Operation>0</Operation>
                    </Platform>
                </DeployClass>
                <DeployClass Required="true" Name="ProjectOutput">
                    <Platform Name="Linux64">
                        <Operation>1</Operation>
                    </Platform>
                    <Platform Name="Win32">
                        <Operation>0</Operation>
                    </Platform>
                </DeployClass>
                <DeployClass Name="ProjectUWPManifest">
                    <Platform Name="Win32">
                        <Operation>1</Operation>
                    </Platform>
                    <Platform Name="Win64">
                        <Operation>1</Operation>
                    </Platform>
                </DeployClass>
                <DeployClass Name="UWP_DelphiLogo150">
                    <Platform Name="Win32">
                        <RemoteDir>Assets</RemoteDir>
                        <Operation>1</Operation>
                    </Platform>
                    <Platform Name="Win64">
                        <RemoteDir>Assets</RemoteDir>
                        <Operation>1</Operation>
                    </Platform>
                </DeployClass>
                <DeployClass Name="UWP_DelphiLogo44">
                    <Platform Name="Win32">
                        <RemoteDir>Assets</RemoteDir>
                        <Operation>1</Operation>
                    </Platform>
                    <Platform Name="Win64">
                        <RemoteDir>Assets</RemoteDir>
                        <Operation>1</Operation>
                    </Platform>
                </DeployClass>
                <ProjectRoot Platform="Linux64" Name="$(PROJECTNAME)"/>
                <ProjectRoot Platform="Win32" Name="$(PROJECTNAME)"/>
                <ProjectRoot Platform="Win64" Name="$(PROJECTNAME)"/>
            </Deployment>
            <Platforms>
                <Platform value="Linux64">True</Platform>
                <Platform value="OSX64">False</Platform>
                <Platform value="OSXARM64">False</Platform>
                <Platform value="Win32">True</Platform>
                <Platform value="Win64">True</Platform>
            </Platforms>
        </BorlandProject>
        <ProjectFileVersion>12</ProjectFileVersion>
        <DPM>
            <PackageReferences platform="Win32">
                <PackageReference id="VSoft.DUnitX" version="0.4.4"/>
            </PackageReferences>
            <PackageReferences platform="Win64">
                <PackageReference id="VSoft.DUnitX" version="0.4.4"/>
            </PackageReferences>
            <PackageReferences platform="Linux64">
                <PackageReference id="VSoft.DUnitX" version="0.4.4"/>
            </PackageReferences>
        </DPM>
    </ProjectExtensions>
    <Import Project="$(BDS)\Bin\CodeGear.Delphi.Targets" Condition="Exists('$(BDS)\Bin\CodeGear.Delphi.Targets')"/>
    <Import Project="$(APPDATA)\Embarcadero\$(BDSAPPDATABASEDIR)\$(PRODUCTVERSION)\UserTools.proj" Condition="Exists('$(APPDATA)\Embarcadero\$(BDSAPPDATABASEDIR)\$(PRODUCTVERSION)\UserTools.proj')"/>
    <Import Project="$(MSBuildProjectName).deployproj" Condition="Exists('$(MSBuildProjectName).deployproj')"/>
</Project>
